// !$*UTF8*$!
{
	archiveVersion = 1;
	classes = {
	};
	objectVersion = 56;
	objects = {

/* Begin PBXBuildFile section */
		2DCE424E2BE39B66005EB40A /* AppDelegate.swift in Sources */ = {isa = PBXBuildFile; fileRef = 2DCE424D2BE39B66005EB40A /* AppDelegate.swift */; };
		2DCE42502BE39B66005EB40A /* SceneDelegate.swift in Sources */ = {isa = PBXBuildFile; fileRef = 2DCE424F2BE39B66005EB40A /* SceneDelegate.swift */; };
		2DCE42522BE39B66005EB40A /* ViewController.swift in Sources */ = {isa = PBXBuildFile; fileRef = 2DCE42512BE39B66005EB40A /* ViewController.swift */; };
		2DCE42552BE39B66005EB40A /* Main.storyboard in Resources */ = {isa = PBXBuildFile; fileRef = 2DCE42532BE39B66005EB40A /* Main.storyboard */; };
		2DCE42572BE39B67005EB40A /* Assets.xcassets in Resources */ = {isa = PBXBuildFile; fileRef = 2DCE42562BE39B67005EB40A /* Assets.xcassets */; };
		2DCE425A2BE39B67005EB40A /* LaunchScreen.storyboard in Resources */ = {isa = PBXBuildFile; fileRef = 2DCE42582BE39B67005EB40A /* LaunchScreen.storyboard */; };
		2DCE42652BE39B67005EB40A /* MTWeatherAppTests.swift in Sources */ = {isa = PBXBuildFile; fileRef = 2DCE42642BE39B67005EB40A /* MTWeatherAppTests.swift */; };
		2DCE426F2BE39B67005EB40A /* MTWeatherAppUITests.swift in Sources */ = {isa = PBXBuildFile; fileRef = 2DCE426E2BE39B67005EB40A /* MTWeatherAppUITests.swift */; };
		2DCE42712BE39B67005EB40A /* MTWeatherAppUITestsLaunchTests.swift in Sources */ = {isa = PBXBuildFile; fileRef = 2DCE42702BE39B67005EB40A /* MTWeatherAppUITestsLaunchTests.swift */; };
/* End PBXBuildFile section */

/* Begin PBXContainerItemProxy section */
		2DCE42612BE39B67005EB40A /* PBXContainerItemProxy */ = {
			isa = PBXContainerItemProxy;
			containerPortal = 2DCE42422BE39B66005EB40A /* Project object */;
			proxyType = 1;
			remoteGlobalIDString = 2DCE42492BE39B66005EB40A;
			remoteInfo = MTWeatherApp;
		};
		2DCE426B2BE39B67005EB40A /* PBXContainerItemProxy */ = {
			isa = PBXContainerItemProxy;
			containerPortal = 2DCE42422BE39B66005EB40A /* Project object */;
			proxyType = 1;
			remoteGlobalIDString = 2DCE42492BE39B66005EB40A;
			remoteInfo = MTWeatherApp;
		};
/* End PBXContainerItemProxy section */

/* Begin PBXFileReference section */
		2DCE424A2BE39B66005EB40A /* MTWeatherApp.app */ = {isa = PBXFileReference; explicitFileType = wrapper.application; includeInIndex = 0; path = MTWeatherApp.app; sourceTree = BUILT_PRODUCTS_DIR; };
		2DCE424D2BE39B66005EB40A /* AppDelegate.swift */ = {isa = PBXFileReference; lastKnownFileType = sourcecode.swift; path = AppDelegate.swift; sourceTree = "<group>"; };
		2DCE424F2BE39B66005EB40A /* SceneDelegate.swift */ = {isa = PBXFileReference; lastKnownFileType = sourcecode.swift; path = SceneDelegate.swift; sourceTree = "<group>"; };
		2DCE42512BE39B66005EB40A /* ViewController.swift */ = {isa = PBXFileReference; lastKnownFileType = sourcecode.swift; path = ViewController.swift; sourceTree = "<group>"; };
		2DCE42542BE39B66005EB40A /* Base */ = {isa = PBXFileReference; lastKnownFileType = file.storyboard; name = Base; path = Base.lproj/Main.storyboard; sourceTree = "<group>"; };
		2DCE42562BE39B67005EB40A /* Assets.xcassets */ = {isa = PBXFileReference; lastKnownFileType = folder.assetcatalog; path = Assets.xcassets; sourceTree = "<group>"; };
		2DCE42592BE39B67005EB40A /* Base */ = {isa = PBXFileReference; lastKnownFileType = file.storyboard; name = Base; path = Base.lproj/LaunchScreen.storyboard; sourceTree = "<group>"; };
		2DCE425B2BE39B67005EB40A /* Info.plist */ = {isa = PBXFileReference; lastKnownFileType = text.plist.xml; path = Info.plist; sourceTree = "<group>"; };
		2DCE42602BE39B67005EB40A /* MTWeatherAppTests.xctest */ = {isa = PBXFileReference; explicitFileType = wrapper.cfbundle; includeInIndex = 0; path = MTWeatherAppTests.xctest; sourceTree = BUILT_PRODUCTS_DIR; };
		2DCE42642BE39B67005EB40A /* MTWeatherAppTests.swift */ = {isa = PBXFileReference; lastKnownFileType = sourcecode.swift; path = MTWeatherAppTests.swift; sourceTree = "<group>"; };
		2DCE426A2BE39B67005EB40A /* MTWeatherAppUITests.xctest */ = {isa = PBXFileReference; explicitFileType = wrapper.cfbundle; includeInIndex = 0; path = MTWeatherAppUITests.xctest; sourceTree = BUILT_PRODUCTS_DIR; };
		2DCE426E2BE39B67005EB40A /* MTWeatherAppUITests.swift */ = {isa = PBXFileReference; lastKnownFileType = sourcecode.swift; path = MTWeatherAppUITests.swift; sourceTree = "<group>"; };
		2DCE42702BE39B67005EB40A /* MTWeatherAppUITestsLaunchTests.swift */ = {isa = PBXFileReference; lastKnownFileType = sourcecode.swift; path = MTWeatherAppUITestsLaunchTests.swift; sourceTree = "<group>"; };
/* End PBXFileReference section */

/* Begin PBXFrameworksBuildPhase section */
		2DCE42472BE39B66005EB40A /* Frameworks */ = {
			isa = PBXFrameworksBuildPhase;
			buildActionMask = 2147483647;
			files = (
			);
			runOnlyForDeploymentPostprocessing = 0;
		};
		2DCE425D2BE39B67005EB40A /* Frameworks */ = {
			isa = PBXFrameworksBuildPhase;
			buildActionMask = 2147483647;
			files = (
			);
			runOnlyForDeploymentPostprocessing = 0;
		};
		2DCE42672BE39B67005EB40A /* Frameworks */ = {
			isa = PBXFrameworksBuildPhase;
			buildActionMask = 2147483647;
			files = (
			);
			runOnlyForDeploymentPostprocessing = 0;
		};
/* End PBXFrameworksBuildPhase section */

/* Begin PBXGroup section */
		2DCE42412BE39B66005EB40A = {
			isa = PBXGroup;
			children = (
				2DCE424C2BE39B66005EB40A /* MTWeatherApp */,
				2DCE42632BE39B67005EB40A /* MTWeatherAppTests */,
				2DCE426D2BE39B67005EB40A /* MTWeatherAppUITests */,
				2DCE424B2BE39B66005EB40A /* Products */,
			);
			sourceTree = "<group>";
		};
		2DCE424B2BE39B66005EB40A /* Products */ = {
			isa = PBXGroup;
			children = (
				2DCE424A2BE39B66005EB40A /* MTWeatherApp.app */,
				2DCE42602BE39B67005EB40A /* MTWeatherAppTests.xctest */,
				2DCE426A2BE39B67005EB40A /* MTWeatherAppUITests.xctest */,
			);
			name = Products;
			sourceTree = "<group>";
		};
		2DCE424C2BE39B66005EB40A /* MTWeatherApp */ = {
			isa = PBXGroup;
			children = (
				2DCE424D2BE39B66005EB40A /* AppDelegate.swift */,
				2DCE424F2BE39B66005EB40A /* SceneDelegate.swift */,
				2DCE42512BE39B66005EB40A /* ViewController.swift */,
				2DCE42532BE39B66005EB40A /* Main.storyboard */,
				2DCE42562BE39B67005EB40A /* Assets.xcassets */,
				2DCE42582BE39B67005EB40A /* LaunchScreen.storyboard */,
				2DCE425B2BE39B67005EB40A /* Info.plist */,
			);
			path = MTWeatherApp;
			sourceTree = "<group>";
		};
		2DCE42632BE39B67005EB40A /* MTWeatherAppTests */ = {
			isa = PBXGroup;
			children = (
				2DCE42642BE39B67005EB40A /* MTWeatherAppTests.swift */,
			);
			path = MTWeatherAppTests;
			sourceTree = "<group>";
		};
		2DCE426D2BE39B67005EB40A /* MTWeatherAppUITests */ = {
			isa = PBXGroup;
			children = (
				2DCE426E2BE39B67005EB40A /* MTWeatherAppUITests.swift */,
				2DCE42702BE39B67005EB40A /* MTWeatherAppUITestsLaunchTests.swift */,
			);
			path = MTWeatherAppUITests;
			sourceTree = "<group>";
		};
/* End PBXGroup section */

/* Begin PBXNativeTarget section */
		2DCE42492BE39B66005EB40A /* MTWeatherApp */ = {
			isa = PBXNativeTarget;
			buildConfigurationList = 2DCE42742BE39B67005EB40A /* Build configuration list for PBXNativeTarget "MTWeatherApp" */;
			buildPhases = (
				2DCE42462BE39B66005EB40A /* Sources */,
				2DCE42472BE39B66005EB40A /* Frameworks */,
				2DCE42482BE39B66005EB40A /* Resources */,
			);
			buildRules = (
			);
			dependencies = (
			);
			name = MTWeatherApp;
			productName = MTWeatherApp;
			productReference = 2DCE424A2BE39B66005EB40A /* MTWeatherApp.app */;
			productType = "com.apple.product-type.application";
		};
		2DCE425F2BE39B67005EB40A /* MTWeatherAppTests */ = {
			isa = PBXNativeTarget;
			buildConfigurationList = 2DCE42772BE39B67005EB40A /* Build configuration list for PBXNativeTarget "MTWeatherAppTests" */;
			buildPhases = (
				2DCE425C2BE39B67005EB40A /* Sources */,
				2DCE425D2BE39B67005EB40A /* Frameworks */,
				2DCE425E2BE39B67005EB40A /* Resources */,
			);
			buildRules = (
			);
			dependencies = (
				2DCE42622BE39B67005EB40A /* PBXTargetDependency */,
			);
			name = MTWeatherAppTests;
			productName = MTWeatherAppTests;
			productReference = 2DCE42602BE39B67005EB40A /* MTWeatherAppTests.xctest */;
			productType = "com.apple.product-type.bundle.unit-test";
		};
		2DCE42692BE39B67005EB40A /* MTWeatherAppUITests */ = {
			isa = PBXNativeTarget;
			buildConfigurationList = 2DCE427A2BE39B67005EB40A /* Build configuration list for PBXNativeTarget "MTWeatherAppUITests" */;
			buildPhases = (
				2DCE42662BE39B67005EB40A /* Sources */,
				2DCE42672BE39B67005EB40A /* Frameworks */,
				2DCE42682BE39B67005EB40A /* Resources */,
			);
			buildRules = (
			);
			dependencies = (
				2DCE426C2BE39B67005EB40A /* PBXTargetDependency */,
			);
			name = MTWeatherAppUITests;
			productName = MTWeatherAppUITests;
			productReference = 2DCE426A2BE39B67005EB40A /* MTWeatherAppUITests.xctest */;
			productType = "com.apple.product-type.bundle.ui-testing";
		};
/* End PBXNativeTarget section */

/* Begin PBXProject section */
		2DCE42422BE39B66005EB40A /* Project object */ = {
			isa = PBXProject;
			attributes = {
				BuildIndependentTargetsInParallel = 1;
				LastSwiftUpdateCheck = 1420;
				LastUpgradeCheck = 1420;
				TargetAttributes = {
					2DCE42492BE39B66005EB40A = {
						CreatedOnToolsVersion = 14.2;
					};
					2DCE425F2BE39B67005EB40A = {
						CreatedOnToolsVersion = 14.2;
						TestTargetID = 2DCE42492BE39B66005EB40A;
					};
					2DCE42692BE39B67005EB40A = {
						CreatedOnToolsVersion = 14.2;
						TestTargetID = 2DCE42492BE39B66005EB40A;
					};
				};
			};
			buildConfigurationList = 2DCE42452BE39B66005EB40A /* Build configuration list for PBXProject "MTWeatherApp" */;
			compatibilityVersion = "Xcode 14.0";
			developmentRegion = en;
			hasScannedForEncodings = 0;
			knownRegions = (
				en,
				Base,
			);
			mainGroup = 2DCE42412BE39B66005EB40A;
			productRefGroup = 2DCE424B2BE39B66005EB40A /* Products */;
			projectDirPath = "";
			projectRoot = "";
			targets = (
				2DCE42492BE39B66005EB40A /* MTWeatherApp */,
				2DCE425F2BE39B67005EB40A /* MTWeatherAppTests */,
				2DCE42692BE39B67005EB40A /* MTWeatherAppUITests */,
			);
		};
/* End PBXProject section */

/* Begin PBXResourcesBuildPhase section */
		2DCE42482BE39B66005EB40A /* Resources */ = {
			isa = PBXResourcesBuildPhase;
			buildActionMask = 2147483647;
			files = (
				2DCE425A2BE39B67005EB40A /* LaunchScreen.storyboard in Resources */,
				2DCE42572BE39B67005EB40A /* Assets.xcassets in Resources */,
				2DCE42552BE39B66005EB40A /* Main.storyboard in Resources */,
			);
			runOnlyForDeploymentPostprocessing = 0;
		};
		2DCE425E2BE39B67005EB40A /* Resources */ = {
			isa = PBXResourcesBuildPhase;
			buildActionMask = 2147483647;
			files = (
			);
			runOnlyForDeploymentPostprocessing = 0;
		};
		2DCE42682BE39B67005EB40A /* Resources */ = {
			isa = PBXResourcesBuildPhase;
			buildActionMask = 2147483647;
			files = (
			);
			runOnlyForDeploymentPostprocessing = 0;
		};
/* End PBXResourcesBuildPhase section */

/* Begin PBXSourcesBuildPhase section */
		2DCE42462BE39B66005EB40A /* Sources */ = {
			isa = PBXSourcesBuildPhase;
			buildActionMask = 2147483647;
			files = (
				2DCE42522BE39B66005EB40A /* ViewController.swift in Sources */,
				2DCE424E2BE39B66005EB40A /* AppDelegate.swift in Sources */,
				2DCE42502BE39B66005EB40A /* SceneDelegate.swift in Sources */,
			);
			runOnlyForDeploymentPostprocessing = 0;
		};
		2DCE425C2BE39B67005EB40A /* Sources */ = {
			isa = PBXSourcesBuildPhase;
			buildActionMask = 2147483647;
			files = (
				2DCE42652BE39B67005EB40A /* MTWeatherAppTests.swift in Sources */,
			);
			runOnlyForDeploymentPostprocessing = 0;
		};
		2DCE42662BE39B67005EB40A /* Sources */ = {
			isa = PBXSourcesBuildPhase;
			buildActionMask = 2147483647;
			files = (
				2DCE42712BE39B67005EB40A /* MTWeatherAppUITestsLaunchTests.swift in Sources */,
				2DCE426F2BE39B67005EB40A /* MTWeatherAppUITests.swift in Sources */,
			);
			runOnlyForDeploymentPostprocessing = 0;
		};
/* End PBXSourcesBuildPhase section */

/* Begin PBXTargetDependency section */
		2DCE42622BE39B67005EB40A /* PBXTargetDependency */ = {
			isa = PBXTargetDependency;
			target = 2DCE42492BE39B66005EB40A /* MTWeatherApp */;
			targetProxy = 2DCE42612BE39B67005EB40A /* PBXContainerItemProxy */;
		};
		2DCE426C2BE39B67005EB40A /* PBXTargetDependency */ = {
			isa = PBXTargetDependency;
			target = 2DCE42492BE39B66005EB40A /* MTWeatherApp */;
			targetProxy = 2DCE426B2BE39B67005EB40A /* PBXContainerItemProxy */;
		};
/* End PBXTargetDependency section */

/* Begin PBXVariantGroup section */
		2DCE42532BE39B66005EB40A /* Main.storyboard */ = {
			isa = PBXVariantGroup;
			children = (
				2DCE42542BE39B66005EB40A /* Base */,
			);
			name = Main.storyboard;
			sourceTree = "<group>";
		};
		2DCE42582BE39B67005EB40A /* LaunchScreen.storyboard */ = {
			isa = PBXVariantGroup;
			children = (
				2DCE42592BE39B67005EB40A /* Base */,
			);
			name = LaunchScreen.storyboard;
			sourceTree = "<group>";
		};
/* End PBXVariantGroup section */

/* Begin XCBuildConfiguration section */
		2DCE42722BE39B67005EB40A /* Debug */ = {
			isa = XCBuildConfiguration;
			buildSettings = {
				ALWAYS_SEARCH_USER_PATHS = NO;
				CLANG_ANALYZER_NONNULL = YES;
				CLANG_ANALYZER_NUMBER_OBJECT_CONVERSION = YES_AGGRESSIVE;
				CLANG_CXX_LANGUAGE_STANDARD = "gnu++20";
				CLANG_ENABLE_MODULES = YES;
				CLANG_ENABLE_OBJC_ARC = YES;
				CLANG_ENABLE_OBJC_WEAK = YES;
				CLANG_WARN_BLOCK_CAPTURE_AUTORELEASING = YES;
				CLANG_WARN_BOOL_CONVERSION = YES;
				CLANG_WARN_COMMA = YES;
				CLANG_WARN_CONSTANT_CONVERSION = YES;
				CLANG_WARN_DEPRECATED_OBJC_IMPLEMENTATIONS = YES;
				CLANG_WARN_DIRECT_OBJC_ISA_USAGE = YES_ERROR;
				CLANG_WARN_DOCUMENTATION_COMMENTS = YES;
				CLANG_WARN_EMPTY_BODY = YES;
				CLANG_WARN_ENUM_CONVERSION = YES;
				CLANG_WARN_INFINITE_RECURSION = YES;
				CLANG_WARN_INT_CONVERSION = YES;
				CLANG_WARN_NON_LITERAL_NULL_CONVERSION = YES;
				CLANG_WARN_OBJC_IMPLICIT_RETAIN_SELF = YES;
				CLANG_WARN_OBJC_LITERAL_CONVERSION = YES;
				CLANG_WARN_OBJC_ROOT_CLASS = YES_ERROR;
				CLANG_WARN_QUOTED_INCLUDE_IN_FRAMEWORK_HEADER = YES;
				CLANG_WARN_RANGE_LOOP_ANALYSIS = YES;
				CLANG_WARN_STRICT_PROTOTYPES = YES;
				CLANG_WARN_SUSPICIOUS_MOVE = YES;
				CLANG_WARN_UNGUARDED_AVAILABILITY = YES_AGGRESSIVE;
				CLANG_WARN_UNREACHABLE_CODE = YES;
				CLANG_WARN__DUPLICATE_METHOD_MATCH = YES;
				COPY_PHASE_STRIP = NO;
				DEBUG_INFORMATION_FORMAT = dwarf;
				ENABLE_STRICT_OBJC_MSGSEND = YES;
				ENABLE_TESTABILITY = YES;
				GCC_C_LANGUAGE_STANDARD = gnu11;
				GCC_DYNAMIC_NO_PIC = NO;
				GCC_NO_COMMON_BLOCKS = YES;
				GCC_OPTIMIZATION_LEVEL = 0;
				GCC_PREPROCESSOR_DEFINITIONS = (
					"DEBUG=1",
					"$(inherited)",
				);
				GCC_WARN_64_TO_32_BIT_CONVERSION = YES;
				GCC_WARN_ABOUT_RETURN_TYPE = YES_ERROR;
				GCC_WARN_UNDECLARED_SELECTOR = YES;
				GCC_WARN_UNINITIALIZED_AUTOS = YES_AGGRESSIVE;
				GCC_WARN_UNUSED_FUNCTION = YES;
				GCC_WARN_UNUSED_VARIABLE = YES;
				IPHONEOS_DEPLOYMENT_TARGET = 16.2;
				MTL_ENABLE_DEBUG_INFO = INCLUDE_SOURCE;
				MTL_FAST_MATH = YES;
				ONLY_ACTIVE_ARCH = YES;
				SDKROOT = iphoneos;
				SWIFT_ACTIVE_COMPILATION_CONDITIONS = DEBUG;
				SWIFT_OPTIMIZATION_LEVEL = "-Onone";
			};
			name = Debug;
		};
		2DCE42732BE39B67005EB40A /* Release */ = {
			isa = XCBuildConfiguration;
			buildSettings = {
				ALWAYS_SEARCH_USER_PATHS = NO;
				CLANG_ANALYZER_NONNULL = YES;
				CLANG_ANALYZER_NUMBER_OBJECT_CONVERSION = YES_AGGRESSIVE;
				CLANG_CXX_LANGUAGE_STANDARD = "gnu++20";
				CLANG_ENABLE_MODULES = YES;
				CLANG_ENABLE_OBJC_ARC = YES;
				CLANG_ENABLE_OBJC_WEAK = YES;
				CLANG_WARN_BLOCK_CAPTURE_AUTORELEASING = YES;
				CLANG_WARN_BOOL_CONVERSION = YES;
				CLANG_WARN_COMMA = YES;
				CLANG_WARN_CONSTANT_CONVERSION = YES;
				CLANG_WARN_DEPRECATED_OBJC_IMPLEMENTATIONS = YES;
				CLANG_WARN_DIRECT_OBJC_ISA_USAGE = YES_ERROR;
				CLANG_WARN_DOCUMENTATION_COMMENTS = YES;
				CLANG_WARN_EMPTY_BODY = YES;
				CLANG_WARN_ENUM_CONVERSION = YES;
				CLANG_WARN_INFINITE_RECURSION = YES;
				CLANG_WARN_INT_CONVERSION = YES;
				CLANG_WARN_NON_LITERAL_NULL_CONVERSION = YES;
				CLANG_WARN_OBJC_IMPLICIT_RETAIN_SELF = YES;
				CLANG_WARN_OBJC_LITERAL_CONVERSION = YES;
				CLANG_WARN_OBJC_ROOT_CLASS = YES_ERROR;
				CLANG_WARN_QUOTED_INCLUDE_IN_FRAMEWORK_HEADER = YES;
				CLANG_WARN_RANGE_LOOP_ANALYSIS = YES;
				CLANG_WARN_STRICT_PROTOTYPES = YES;
				CLANG_WARN_SUSPICIOUS_MOVE = YES;
				CLANG_WARN_UNGUARDED_AVAILABILITY = YES_AGGRESSIVE;
				CLANG_WARN_UNREACHABLE_CODE = YES;
				CLANG_WARN__DUPLICATE_METHOD_MATCH = YES;
				COPY_PHASE_STRIP = NO;
				DEBUG_INFORMATION_FORMAT = "dwarf-with-dsym";
				ENABLE_NS_ASSERTIONS = NO;
				ENABLE_STRICT_OBJC_MSGSEND = YES;
				GCC_C_LANGUAGE_STANDARD = gnu11;
				GCC_NO_COMMON_BLOCKS = YES;
				GCC_WARN_64_TO_32_BIT_CONVERSION = YES;
				GCC_WARN_ABOUT_RETURN_TYPE = YES_ERROR;
				GCC_WARN_UNDECLARED_SELECTOR = YES;
				GCC_WARN_UNINITIALIZED_AUTOS = YES_AGGRESSIVE;
				GCC_WARN_UNUSED_FUNCTION = YES;
				GCC_WARN_UNUSED_VARIABLE = YES;
				IPHONEOS_DEPLOYMENT_TARGET = 16.2;
				MTL_ENABLE_DEBUG_INFO = NO;
				MTL_FAST_MATH = YES;
				SDKROOT = iphoneos;
				SWIFT_COMPILATION_MODE = wholemodule;
				SWIFT_OPTIMIZATION_LEVEL = "-O";
				VALIDATE_PRODUCT = YES;
			};
			name = Release;
		};
		2DCE42752BE39B67005EB40A /* Debug */ = {
			isa = XCBuildConfiguration;
			buildSettings = {
				ASSETCATALOG_COMPILER_APPICON_NAME = AppIcon;
				ASSETCATALOG_COMPILER_GLOBAL_ACCENT_COLOR_NAME = AccentColor;
				CODE_SIGN_STYLE = Automatic;
				CURRENT_PROJECT_VERSION = 1;
				DEVELOPMENT_TEAM = 4TY934SUCG;
				GENERATE_INFOPLIST_FILE = YES;
				INFOPLIST_FILE = MTWeatherApp/Info.plist;
				INFOPLIST_KEY_UIApplicationSupportsIndirectInputEvents = YES;
				INFOPLIST_KEY_UILaunchStoryboardName = LaunchScreen;
				INFOPLIST_KEY_UIMainStoryboardFile = Main;
				INFOPLIST_KEY_UISupportedInterfaceOrientations_iPad = "UIInterfaceOrientationPortrait UIInterfaceOrientationPortraitUpsideDown UIInterfaceOrientationLandscapeLeft UIInterfaceOrientationLandscapeRight";
				INFOPLIST_KEY_UISupportedInterfaceOrientations_iPhone = "UIInterfaceOrientationPortrait UIInterfaceOrientationLandscapeLeft UIInterfaceOrientationLandscapeRight";
				LD_RUNPATH_SEARCH_PATHS = (
					"$(inherited)",
					"@executable_path/Frameworks",
				);
				MARKETING_VERSION = 1.0;
				PRODUCT_BUNDLE_IDENTIFIER = matao.com.MTWeatherApp;
				PRODUCT_NAME = "$(TARGET_NAME)";
				SWIFT_EMIT_LOC_STRINGS = YES;
				SWIFT_VERSION = 5.0;
				TARGETED_DEVICE_FAMILY = "1,2";
			};
			name = Debug;
		};
		2DCE42762BE39B67005EB40A /* Release */ = {
			isa = XCBuildConfiguration;
			buildSettings = {
				ASSETCATALOG_COMPILER_APPICON_NAME = AppIcon;
				ASSETCATALOG_COMPILER_GLOBAL_ACCENT_COLOR_NAME = AccentColor;
				CODE_SIGN_STYLE = Automatic;
				CURRENT_PROJECT_VERSION = 1;
				DEVELOPMENT_TEAM = 4TY934SUCG;
				GENERATE_INFOPLIST_FILE = YES;
				INFOPLIST_FILE = MTWeatherApp/Info.plist;
				INFOPLIST_KEY_UIApplicationSupportsIndirectInputEvents = YES;
				INFOPLIST_KEY_UILaunchStoryboardName = LaunchScreen;
				INFOPLIST_KEY_UIMainStoryboardFile = Main;
				INFOPLIST_KEY_UISupportedInterfaceOrientations_iPad = "UIInterfaceOrientationPortrait UIInterfaceOrientationPortraitUpsideDown UIInterfaceOrientationLandscapeLeft UIInterfaceOrientationLandscapeRight";
				INFOPLIST_KEY_UISupportedInterfaceOrientations_iPhone = "UIInterfaceOrientationPortrait UIInterfaceOrientationLandscapeLeft UIInterfaceOrientationLandscapeRight";
				LD_RUNPATH_SEARCH_PATHS = (
					"$(inherited)",
					"@executable_path/Frameworks",
				);
				MARKETING_VERSION = 1.0;
				PRODUCT_BUNDLE_IDENTIFIER = matao.com.MTWeatherApp;
				PRODUCT_NAME = "$(TARGET_NAME)";
				SWIFT_EMIT_LOC_STRINGS = YES;
				SWIFT_VERSION = 5.0;
				TARGETED_DEVICE_FAMILY = "1,2";
			};
			name = Release;
		};
		2DCE42782BE39B67005EB40A /* Debug */ = {
			isa = XCBuildConfiguration;
			buildSettings = {
				ALWAYS_EMBED_SWIFT_STANDARD_LIBRARIES = YES;
				BUNDLE_LOADER = "$(TEST_HOST)";
				CODE_SIGN_STYLE = Automatic;
				CURRENT_PROJECT_VERSION = 1;
				DEVELOPMENT_TEAM = 4TY934SUCG;
				GENERATE_INFOPLIST_FILE = YES;
				IPHONEOS_DEPLOYMENT_TARGET = 16.2;
				MARKETING_VERSION = 1.0;
				PRODUCT_BUNDLE_IDENTIFIER = matao.com.MTWeatherAppTests;
				PRODUCT_NAME = "$(TARGET_NAME)";
				SWIFT_EMIT_LOC_STRINGS = NO;
				SWIFT_VERSION = 5.0;
				TARGETED_DEVICE_FAMILY = "1,2";
				TEST_HOST = "$(BUILT_PRODUCTS_DIR)/MTWeatherApp.app/$(BUNDLE_EXECUTABLE_FOLDER_PATH)/MTWeatherApp";
			};
			name = Debug;
		};
		2DCE42792BE39B67005EB40A /* Release */ = {
			isa = XCBuildConfiguration;
			buildSettings = {
				ALWAYS_EMBED_SWIFT_STANDARD_LIBRARIES = YES;
				BUNDLE_LOADER = "$(TEST_HOST)";
				CODE_SIGN_STYLE = Automatic;
				CURRENT_PROJECT_VERSION = 1;
				DEVELOPMENT_TEAM = 4TY934SUCG;
				GENERATE_INFOPLIST_FILE = YES;
				IPHONEOS_DEPLOYMENT_TARGET = 16.2;
				MARKETING_VERSION = 1.0;
				PRODUCT_BUNDLE_IDENTIFIER = matao.com.MTWeatherAppTests;
				PRODUCT_NAME = "$(TARGET_NAME)";
				SWIFT_EMIT_LOC_STRINGS = NO;
				SWIFT_VERSION = 5.0;
				TARGETED_DEVICE_FAMILY = "1,2";
				TEST_HOST = "$(BUILT_PRODUCTS_DIR)/MTWeatherApp.app/$(BUNDLE_EXECUTABLE_FOLDER_PATH)/MTWeatherApp";
			};
			name = Release;
		};
		2DCE427B2BE39B67005EB40A /* Debug */ = {
			isa = XCBuildConfiguration;
			buildSettings = {
				ALWAYS_EMBED_SWIFT_STANDARD_LIBRARIES = YES;
				CODE_SIGN_STYLE = Automatic;
				CURRENT_PROJECT_VERSION = 1;
				DEVELOPMENT_TEAM = 4TY934SUCG;
				GENERATE_INFOPLIST_FILE = YES;
				MARKETING_VERSION = 1.0;
				PRODUCT_BUNDLE_IDENTIFIER = matao.com.MTWeatherAppUITests;
				PRODUCT_NAME = "$(TARGET_NAME)";
				SWIFT_EMIT_LOC_STRINGS = NO;
				SWIFT_VERSION = 5.0;
				TARGETED_DEVICE_FAMILY = "1,2";
				TEST_TARGET_NAME = MTWeatherApp;
			};
			name = Debug;
		};
		2DCE427C2BE39B67005EB40A /* Release */ = {
			isa = XCBuildConfiguration;
			buildSettings = {
				ALWAYS_EMBED_SWIFT_STANDARD_LIBRARIES = YES;
				CODE_SIGN_STYLE = Automatic;
				CURRENT_PROJECT_VERSION = 1;
				DEVELOPMENT_TEAM = 4TY934SUCG;
				GENERATE_INFOPLIST_FILE = YES;
				MARKETING_VERSION = 1.0;
				PRODUCT_BUNDLE_IDENTIFIER = matao.com.MTWeatherAppUITests;
				PRODUCT_NAME = "$(TARGET_NAME)";
				SWIFT_EMIT_LOC_STRINGS = NO;
				SWIFT_VERSION = 5.0;
				TARGETED_DEVICE_FAMILY = "1,2";
				TEST_TARGET_NAME = MTWeatherApp;
			};
			name = Release;
		};
/* End XCBuildConfiguration section */

/* Begin XCConfigurationList section */
		2DCE42452BE39B66005EB40A /* Build configuration list for PBXProject "MTWeatherApp" */ = {
			isa = XCConfigurationList;
			buildConfigurations = (
				2DCE42722BE39B67005EB40A /* Debug */,
				2DCE42732BE39B67005EB40A /* Release */,
			);
			defaultConfigurationIsVisible = 0;
			defaultConfigurationName = Release;
		};
		2DCE42742BE39B67005EB40A /* Build configuration list for PBXNativeTarget "MTWeatherApp" */ = {
			isa = XCConfigurationList;
			buildConfigurations = (
				2DCE42752BE39B67005EB40A /* Debug */,
				2DCE42762BE39B67005EB40A /* Release */,
			);
			defaultConfigurationIsVisible = 0;
			defaultConfigurationName = Release;
		};
		2DCE42772BE39B67005EB40A /* Build configuration list for PBXNativeTarget "MTWeatherAppTests" */ = {
			isa = XCConfigurationList;
			buildConfigurations = (
				2DCE42782BE39B67005EB40A /* Debug */,
				2DCE42792BE39B67005EB40A /* Release */,
			);
			defaultConfigurationIsVisible = 0;
			defaultConfigurationName = Release;
		};
		2DCE427A2BE39B67005EB40A /* Build configuration list for PBXNativeTarget "MTWeatherAppUITests" */ = {
			isa = XCConfigurationList;
			buildConfigurations = (
				2DCE427B2BE39B67005EB40A /* Debug */,
				2DCE427C2BE39B67005EB40A /* Release */,
			);
			defaultConfigurationIsVisible = 0;
			defaultConfigurationName = Release;
		};
/* End XCConfigurationList section */
	};
	rootObject = 2DCE42422BE39B66005EB40A /* Project object */;
}
